// !$*UTF8*$!
{
	archiveVersion = 1;
	classes = {
	};
	objectVersion = 50;
	objects = {

/* Begin PBXBuildFile section */
		7EDA46A027552E5900B8406C /* AppDelegate.swift in Sources */ = {isa = PBXBuildFile; fileRef = 7EDA469F27552E5900B8406C /* AppDelegate.swift */; };
		7EDA46A227552E5900B8406C /* SceneDelegate.swift in Sources */ = {isa = PBXBuildFile; fileRef = 7EDA46A127552E5900B8406C /* SceneDelegate.swift */; };
		7EDA46A427552E5900B8406C /* ViewController.swift in Sources */ = {isa = PBXBuildFile; fileRef = 7EDA46A327552E5900B8406C /* ViewController.swift */; };
		7EDA46A727552E5900B8406C /* Main.storyboard in Resources */ = {isa = PBXBuildFile; fileRef = 7EDA46A527552E5900B8406C /* Main.storyboard */; };
		7EDA46A927552E5B00B8406C /* Assets.xcassets in Resources */ = {isa = PBXBuildFile; fileRef = 7EDA46A827552E5B00B8406C /* Assets.xcassets */; };
		7EDA46AC27552E5B00B8406C /* LaunchScreen.storyboard in Resources */ = {isa = PBXBuildFile; fileRef = 7EDA46AA27552E5B00B8406C /* LaunchScreen.storyboard */; };
		7EDA46B727552E5C00B8406C /* MergeTestTwoTests.swift in Sources */ = {isa = PBXBuildFile; fileRef = 7EDA46B627552E5C00B8406C /* MergeTestTwoTests.swift */; };
		7EDA46C227552E5C00B8406C /* MergeTestTwoUITests.swift in Sources */ = {isa = PBXBuildFile; fileRef = 7EDA46C127552E5C00B8406C /* MergeTestTwoUITests.swift */; };
/* End PBXBuildFile section */

/* Begin PBXContainerItemProxy section */
		7EDA46B327552E5C00B8406C /* PBXContainerItemProxy */ = {
			isa = PBXContainerItemProxy;
			containerPortal = 7EDA469427552E5900B8406C /* Project object */;
			proxyType = 1;
			remoteGlobalIDString = 7EDA469B27552E5900B8406C;
			remoteInfo = MergeTestTwo;
		};
		7EDA46BE27552E5C00B8406C /* PBXContainerItemProxy */ = {
			isa = PBXContainerItemProxy;
			containerPortal = 7EDA469427552E5900B8406C /* Project object */;
			proxyType = 1;
			remoteGlobalIDString = 7EDA469B27552E5900B8406C;
			remoteInfo = MergeTestTwo;
		};
/* End PBXContainerItemProxy section */

/* Begin PBXFileReference section */
		7EDA469C27552E5900B8406C /* MergeTestTwo.app */ = {isa = PBXFileReference; explicitFileType = wrapper.application; includeInIndex = 0; path = MergeTestTwo.app; sourceTree = BUILT_PRODUCTS_DIR; };
		7EDA469F27552E5900B8406C /* AppDelegate.swift */ = {isa = PBXFileReference; lastKnownFileType = sourcecode.swift; path = AppDelegate.swift; sourceTree = "<group>"; };
		7EDA46A127552E5900B8406C /* SceneDelegate.swift */ = {isa = PBXFileReference; lastKnownFileType = sourcecode.swift; path = SceneDelegate.swift; sourceTree = "<group>"; };
		7EDA46A327552E5900B8406C /* ViewController.swift */ = {isa = PBXFileReference; lastKnownFileType = sourcecode.swift; path = ViewController.swift; sourceTree = "<group>"; };
		7EDA46A627552E5900B8406C /* Base */ = {isa = PBXFileReference; lastKnownFileType = file.storyboard; name = Base; path = Base.lproj/Main.storyboard; sourceTree = "<group>"; };
		7EDA46A827552E5B00B8406C /* Assets.xcassets */ = {isa = PBXFileReference; lastKnownFileType = folder.assetcatalog; path = Assets.xcassets; sourceTree = "<group>"; };
		7EDA46AB27552E5B00B8406C /* Base */ = {isa = PBXFileReference; lastKnownFileType = file.storyboard; name = Base; path = Base.lproj/LaunchScreen.storyboard; sourceTree = "<group>"; };
		7EDA46AD27552E5B00B8406C /* Info.plist */ = {isa = PBXFileReference; lastKnownFileType = text.plist.xml; path = Info.plist; sourceTree = "<group>"; };
		7EDA46B227552E5C00B8406C /* MergeTestTwoTests.xctest */ = {isa = PBXFileReference; explicitFileType = wrapper.cfbundle; includeInIndex = 0; path = MergeTestTwoTests.xctest; sourceTree = BUILT_PRODUCTS_DIR; };
		7EDA46B627552E5C00B8406C /* MergeTestTwoTests.swift */ = {isa = PBXFileReference; lastKnownFileType = sourcecode.swift; path = MergeTestTwoTests.swift; sourceTree = "<group>"; };
		7EDA46B827552E5C00B8406C /* Info.plist */ = {isa = PBXFileReference; lastKnownFileType = text.plist.xml; path = Info.plist; sourceTree = "<group>"; };
		7EDA46BD27552E5C00B8406C /* MergeTestTwoUITests.xctest */ = {isa = PBXFileReference; explicitFileType = wrapper.cfbundle; includeInIndex = 0; path = MergeTestTwoUITests.xctest; sourceTree = BUILT_PRODUCTS_DIR; };
		7EDA46C127552E5C00B8406C /* MergeTestTwoUITests.swift */ = {isa = PBXFileReference; lastKnownFileType = sourcecode.swift; path = MergeTestTwoUITests.swift; sourceTree = "<group>"; };
		7EDA46C327552E5C00B8406C /* Info.plist */ = {isa = PBXFileReference; lastKnownFileType = text.plist.xml; path = Info.plist; sourceTree = "<group>"; };
/* End PBXFileReference section */

/* Begin PBXFrameworksBuildPhase section */
		7EDA469927552E5900B8406C /* Frameworks */ = {
			isa = PBXFrameworksBuildPhase;
			buildActionMask = 2147483647;
			files = (
			);
			runOnlyForDeploymentPostprocessing = 0;
		};
		7EDA46AF27552E5C00B8406C /* Frameworks */ = {
			isa = PBXFrameworksBuildPhase;
			buildActionMask = 2147483647;
			files = (
			);
			runOnlyForDeploymentPostprocessing = 0;
		};
		7EDA46BA27552E5C00B8406C /* Frameworks */ = {
			isa = PBXFrameworksBuildPhase;
			buildActionMask = 2147483647;
			files = (
			);
			runOnlyForDeploymentPostprocessing = 0;
		};
/* End PBXFrameworksBuildPhase section */

/* Begin PBXGroup section */
		7EDA469327552E5900B8406C = {
			isa = PBXGroup;
			children = (
				7EDA469E27552E5900B8406C /* MergeTestTwo */,
				7EDA46B527552E5C00B8406C /* MergeTestTwoTests */,
				7EDA46C027552E5C00B8406C /* MergeTestTwoUITests */,
				7EDA469D27552E5900B8406C /* Products */,
			);
			sourceTree = "<group>";
		};
		7EDA469D27552E5900B8406C /* Products */ = {
			isa = PBXGroup;
			children = (
				7EDA469C27552E5900B8406C /* MergeTestTwo.app */,
				7EDA46B227552E5C00B8406C /* MergeTestTwoTests.xctest */,
				7EDA46BD27552E5C00B8406C /* MergeTestTwoUITests.xctest */,
			);
			name = Products;
			sourceTree = "<group>";
		};
		7EDA469E27552E5900B8406C /* MergeTestTwo */ = {
			isa = PBXGroup;
			children = (
				7EDA469F27552E5900B8406C /* AppDelegate.swift */,
				7EDA46A127552E5900B8406C /* SceneDelegate.swift */,
				7EDA46A327552E5900B8406C /* ViewController.swift */,
				7EDA46A527552E5900B8406C /* Main.storyboard */,
				7EDA46A827552E5B00B8406C /* Assets.xcassets */,
				7EDA46AA27552E5B00B8406C /* LaunchScreen.storyboard */,
				7EDA46AD27552E5B00B8406C /* Info.plist */,
			);
			path = MergeTestTwo;
			sourceTree = "<group>";
		};
		7EDA46B527552E5C00B8406C /* MergeTestTwoTests */ = {
			isa = PBXGroup;
			children = (
				7EDA46B627552E5C00B8406C /* MergeTestTwoTests.swift */,
				7EDA46B827552E5C00B8406C /* Info.plist */,
			);
			path = MergeTestTwoTests;
			sourceTree = "<group>";
		};
		7EDA46C027552E5C00B8406C /* MergeTestTwoUITests */ = {
			isa = PBXGroup;
			children = (
				7EDA46C127552E5C00B8406C /* MergeTestTwoUITests.swift */,
				7EDA46C327552E5C00B8406C /* Info.plist */,
			);
			path = MergeTestTwoUITests;
			sourceTree = "<group>";
		};
/* End PBXGroup section */

/* Begin PBXNativeTarget section */
		7EDA469B27552E5900B8406C /* MergeTestTwo */ = {
			isa = PBXNativeTarget;
			buildConfigurationList = 7EDA46C627552E5C00B8406C /* Build configuration list for PBXNativeTarget "MergeTestTwo" */;
			buildPhases = (
				7EDA469827552E5900B8406C /* Sources */,
				7EDA469927552E5900B8406C /* Frameworks */,
				7EDA469A27552E5900B8406C /* Resources */,
			);
			buildRules = (
			);
			dependencies = (
			);
			name = MergeTestTwo;
			productName = MergeTestTwo;
			productReference = 7EDA469C27552E5900B8406C /* MergeTestTwo.app */;
			productType = "com.apple.product-type.application";
		};
		7EDA46B127552E5C00B8406C /* MergeTestTwoTests */ = {
			isa = PBXNativeTarget;
			buildConfigurationList = 7EDA46C927552E5C00B8406C /* Build configuration list for PBXNativeTarget "MergeTestTwoTests" */;
			buildPhases = (
				7EDA46AE27552E5C00B8406C /* Sources */,
				7EDA46AF27552E5C00B8406C /* Frameworks */,
				7EDA46B027552E5C00B8406C /* Resources */,
			);
			buildRules = (
			);
			dependencies = (
				7EDA46B427552E5C00B8406C /* PBXTargetDependency */,
			);
			name = MergeTestTwoTests;
			productName = MergeTestTwoTests;
			productReference = 7EDA46B227552E5C00B8406C /* MergeTestTwoTests.xctest */;
			productType = "com.apple.product-type.bundle.unit-test";
		};
		7EDA46BC27552E5C00B8406C /* MergeTestTwoUITests */ = {
			isa = PBXNativeTarget;
			buildConfigurationList = 7EDA46CC27552E5C00B8406C /* Build configuration list for PBXNativeTarget "MergeTestTwoUITests" */;
			buildPhases = (
				7EDA46B927552E5C00B8406C /* Sources */,
				7EDA46BA27552E5C00B8406C /* Frameworks */,
				7EDA46BB27552E5C00B8406C /* Resources */,
			);
			buildRules = (
			);
			dependencies = (
				7EDA46BF27552E5C00B8406C /* PBXTargetDependency */,
			);
			name = MergeTestTwoUITests;
			productName = MergeTestTwoUITests;
			productReference = 7EDA46BD27552E5C00B8406C /* MergeTestTwoUITests.xctest */;
			productType = "com.apple.product-type.bundle.ui-testing";
		};
/* End PBXNativeTarget section */

/* Begin PBXProject section */
		7EDA469427552E5900B8406C /* Project object */ = {
			isa = PBXProject;
			attributes = {
				LastSwiftUpdateCheck = 1230;
				LastUpgradeCheck = 1230;
				TargetAttributes = {
					7EDA469B27552E5900B8406C = {
						CreatedOnToolsVersion = 12.3;
					};
					7EDA46B127552E5C00B8406C = {
						CreatedOnToolsVersion = 12.3;
						TestTargetID = 7EDA469B27552E5900B8406C;
					};
					7EDA46BC27552E5C00B8406C = {
						CreatedOnToolsVersion = 12.3;
						TestTargetID = 7EDA469B27552E5900B8406C;
					};
				};
			};
			buildConfigurationList = 7EDA469727552E5900B8406C /* Build configuration list for PBXProject "MergeTestTwo" */;
			compatibilityVersion = "Xcode 9.3";
			developmentRegion = en;
			hasScannedForEncodings = 0;
			knownRegions = (
				en,
				Base,
			);
			mainGroup = 7EDA469327552E5900B8406C;
			productRefGroup = 7EDA469D27552E5900B8406C /* Products */;
			projectDirPath = "";
			projectRoot = "";
			targets = (
				7EDA469B27552E5900B8406C /* MergeTestTwo */,
				7EDA46B127552E5C00B8406C /* MergeTestTwoTests */,
				7EDA46BC27552E5C00B8406C /* MergeTestTwoUITests */,
			);
		};
/* End PBXProject section */

/* Begin PBXResourcesBuildPhase section */
		7EDA469A27552E5900B8406C /* Resources */ = {
			isa = PBXResourcesBuildPhase;
			buildActionMask = 2147483647;
			files = (
				7EDA46AC27552E5B00B8406C /* LaunchScreen.storyboard in Resources */,
				7EDA46A927552E5B00B8406C /* Assets.xcassets in Resources */,
				7EDA46A727552E5900B8406C /* Main.storyboard in Resources */,
			);
			runOnlyForDeploymentPostprocessing = 0;
		};
		7EDA46B027552E5C00B8406C /* Resources */ = {
			isa = PBXResourcesBuildPhase;
			buildActionMask = 2147483647;
			files = (
			);
			runOnlyForDeploymentPostprocessing = 0;
		};
		7EDA46BB27552E5C00B8406C /* Resources */ = {
			isa = PBXResourcesBuildPhase;
			buildActionMask = 2147483647;
			files = (
			);
			runOnlyForDeploymentPostprocessing = 0;
		};
/* End PBXResourcesBuildPhase section */

/* Begin PBXSourcesBuildPhase section */
		7EDA469827552E5900B8406C /* Sources */ = {
			isa = PBXSourcesBuildPhase;
			buildActionMask = 2147483647;
			files = (
				7EDA46A427552E5900B8406C /* ViewController.swift in Sources */,
				7EDA46A027552E5900B8406C /* AppDelegate.swift in Sources */,
				7EDA46A227552E5900B8406C /* SceneDelegate.swift in Sources */,
			);
			runOnlyForDeploymentPostprocessing = 0;
		};
		7EDA46AE27552E5C00B8406C /* Sources */ = {
			isa = PBXSourcesBuildPhase;
			buildActionMask = 2147483647;
			files = (
				7EDA46B727552E5C00B8406C /* MergeTestTwoTests.swift in Sources */,
			);
			runOnlyForDeploymentPostprocessing = 0;
		};
		7EDA46B927552E5C00B8406C /* Sources */ = {
			isa = PBXSourcesBuildPhase;
			buildActionMask = 2147483647;
			files = (
				7EDA46C227552E5C00B8406C /* MergeTestTwoUITests.swift in Sources */,
			);
			runOnlyForDeploymentPostprocessing = 0;
		};
/* End PBXSourcesBuildPhase section */

/* Begin PBXTargetDependency section */
		7EDA46B427552E5C00B8406C /* PBXTargetDependency */ = {
			isa = PBXTargetDependency;
			target = 7EDA469B27552E5900B8406C /* MergeTestTwo */;
			targetProxy = 7EDA46B327552E5C00B8406C /* PBXContainerItemProxy */;
		};
		7EDA46BF27552E5C00B8406C /* PBXTargetDependency */ = {
			isa = PBXTargetDependency;
			target = 7EDA469B27552E5900B8406C /* MergeTestTwo */;
			targetProxy = 7EDA46BE27552E5C00B8406C /* PBXContainerItemProxy */;
		};
/* End PBXTargetDependency section */

/* Begin PBXVariantGroup section */
		7EDA46A527552E5900B8406C /* Main.storyboard */ = {
			isa = PBXVariantGroup;
			children = (
				7EDA46A627552E5900B8406C /* Base */,
			);
			name = Main.storyboard;
			sourceTree = "<group>";
		};
		7EDA46AA27552E5B00B8406C /* LaunchScreen.storyboard */ = {
			isa = PBXVariantGroup;
			children = (
				7EDA46AB27552E5B00B8406C /* Base */,
			);
			name = LaunchScreen.storyboard;
			sourceTree = "<group>";
		};
/* End PBXVariantGroup section */

/* Begin XCBuildConfiguration section */
		7EDA46C427552E5C00B8406C /* Debug */ = {
			isa = XCBuildConfiguration;
			buildSettings = {
				ALWAYS_SEARCH_USER_PATHS = NO;
				CLANG_ANALYZER_NONNULL = YES;
				CLANG_ANALYZER_NUMBER_OBJECT_CONVERSION = YES_AGGRESSIVE;
				CLANG_CXX_LANGUAGE_STANDARD = "gnu++14";
				CLANG_CXX_LIBRARY = "libc++";
				CLANG_ENABLE_MODULES = YES;
				CLANG_ENABLE_OBJC_ARC = YES;
				CLANG_ENABLE_OBJC_WEAK = YES;
				CLANG_WARN_BLOCK_CAPTURE_AUTORELEASING = YES;
				CLANG_WARN_BOOL_CONVERSION = YES;
				CLANG_WARN_COMMA = YES;
				CLANG_WARN_CONSTANT_CONVERSION = YES;
				CLANG_WARN_DEPRECATED_OBJC_IMPLEMENTATIONS = YES;
				CLANG_WARN_DIRECT_OBJC_ISA_USAGE = YES_ERROR;
				CLANG_WARN_DOCUMENTATION_COMMENTS = YES;
				CLANG_WARN_EMPTY_BODY = YES;
				CLANG_WARN_ENUM_CONVERSION = YES;
				CLANG_WARN_INFINITE_RECURSION = YES;
				CLANG_WARN_INT_CONVERSION = YES;
				CLANG_WARN_NON_LITERAL_NULL_CONVERSION = YES;
				CLANG_WARN_OBJC_IMPLICIT_RETAIN_SELF = YES;
				CLANG_WARN_OBJC_LITERAL_CONVERSION = YES;
				CLANG_WARN_OBJC_ROOT_CLASS = YES_ERROR;
				CLANG_WARN_QUOTED_INCLUDE_IN_FRAMEWORK_HEADER = YES;
				CLANG_WARN_RANGE_LOOP_ANALYSIS = YES;
				CLANG_WARN_STRICT_PROTOTYPES = YES;
				CLANG_WARN_SUSPICIOUS_MOVE = YES;
				CLANG_WARN_UNGUARDED_AVAILABILITY = YES_AGGRESSIVE;
				CLANG_WARN_UNREACHABLE_CODE = YES;
				CLANG_WARN__DUPLICATE_METHOD_MATCH = YES;
				COPY_PHASE_STRIP = NO;
				DEBUG_INFORMATION_FORMAT = dwarf;
				ENABLE_STRICT_OBJC_MSGSEND = YES;
				ENABLE_TESTABILITY = YES;
				GCC_C_LANGUAGE_STANDARD = gnu11;
				GCC_DYNAMIC_NO_PIC = NO;
				GCC_NO_COMMON_BLOCKS = YES;
				GCC_OPTIMIZATION_LEVEL = 0;
				GCC_PREPROCESSOR_DEFINITIONS = (
					"DEBUG=1",
					"$(inherited)",
				);
				GCC_WARN_64_TO_32_BIT_CONVERSION = YES;
				GCC_WARN_ABOUT_RETURN_TYPE = YES_ERROR;
				GCC_WARN_UNDECLARED_SELECTOR = YES;
				GCC_WARN_UNINITIALIZED_AUTOS = YES_AGGRESSIVE;
				GCC_WARN_UNUSED_FUNCTION = YES;
				GCC_WARN_UNUSED_VARIABLE = YES;
				IPHONEOS_DEPLOYMENT_TARGET = 14.3;
				MTL_ENABLE_DEBUG_INFO = INCLUDE_SOURCE;
				MTL_FAST_MATH = YES;
				ONLY_ACTIVE_ARCH = YES;
				SDKROOT = iphoneos;
				SWIFT_ACTIVE_COMPILATION_CONDITIONS = DEBUG;
				SWIFT_OPTIMIZATION_LEVEL = "-Onone";
			};
			name = Debug;
		};
		7EDA46C527552E5C00B8406C /* Release */ = {
			isa = XCBuildConfiguration;
			buildSettings = {
				ALWAYS_SEARCH_USER_PATHS = NO;
				CLANG_ANALYZER_NONNULL = YES;
				CLANG_ANALYZER_NUMBER_OBJECT_CONVERSION = YES_AGGRESSIVE;
				CLANG_CXX_LANGUAGE_STANDARD = "gnu++14";
				CLANG_CXX_LIBRARY = "libc++";
				CLANG_ENABLE_MODULES = YES;
				CLANG_ENABLE_OBJC_ARC = YES;
				CLANG_ENABLE_OBJC_WEAK = YES;
				CLANG_WARN_BLOCK_CAPTURE_AUTORELEASING = YES;
				CLANG_WARN_BOOL_CONVERSION = YES;
				CLANG_WARN_COMMA = YES;
				CLANG_WARN_CONSTANT_CONVERSION = YES;
				CLANG_WARN_DEPRECATED_OBJC_IMPLEMENTATIONS = YES;
				CLANG_WARN_DIRECT_OBJC_ISA_USAGE = YES_ERROR;
				CLANG_WARN_DOCUMENTATION_COMMENTS = YES;
				CLANG_WARN_EMPTY_BODY = YES;
				CLANG_WARN_ENUM_CONVERSION = YES;
				CLANG_WARN_INFINITE_RECURSION = YES;
				CLANG_WARN_INT_CONVERSION = YES;
				CLANG_WARN_NON_LITERAL_NULL_CONVERSION = YES;
				CLANG_WARN_OBJC_IMPLICIT_RETAIN_SELF = YES;
				CLANG_WARN_OBJC_LITERAL_CONVERSION = YES;
				CLANG_WARN_OBJC_ROOT_CLASS = YES_ERROR;
				CLANG_WARN_QUOTED_INCLUDE_IN_FRAMEWORK_HEADER = YES;
				CLANG_WARN_RANGE_LOOP_ANALYSIS = YES;
				CLANG_WARN_STRICT_PROTOTYPES = YES;
				CLANG_WARN_SUSPICIOUS_MOVE = YES;
				CLANG_WARN_UNGUARDED_AVAILABILITY = YES_AGGRESSIVE;
				CLANG_WARN_UNREACHABLE_CODE = YES;
				CLANG_WARN__DUPLICATE_METHOD_MATCH = YES;
				COPY_PHASE_STRIP = NO;
				DEBUG_INFORMATION_FORMAT = "dwarf-with-dsym";
				ENABLE_NS_ASSERTIONS = NO;
				ENABLE_STRICT_OBJC_MSGSEND = YES;
				GCC_C_LANGUAGE_STANDARD = gnu11;
				GCC_NO_COMMON_BLOCKS = YES;
				GCC_WARN_64_TO_32_BIT_CONVERSION = YES;
				GCC_WARN_ABOUT_RETURN_TYPE = YES_ERROR;
				GCC_WARN_UNDECLARED_SELECTOR = YES;
				GCC_WARN_UNINITIALIZED_AUTOS = YES_AGGRESSIVE;
				GCC_WARN_UNUSED_FUNCTION = YES;
				GCC_WARN_UNUSED_VARIABLE = YES;
				IPHONEOS_DEPLOYMENT_TARGET = 14.3;
				MTL_ENABLE_DEBUG_INFO = NO;
				MTL_FAST_MATH = YES;
				SDKROOT = iphoneos;
				SWIFT_COMPILATION_MODE = wholemodule;
				SWIFT_OPTIMIZATION_LEVEL = "-O";
				VALIDATE_PRODUCT = YES;
			};
			name = Release;
		};
		7EDA46C727552E5C00B8406C /* Debug */ = {
			isa = XCBuildConfiguration;
			buildSettings = {
				ASSETCATALOG_COMPILER_APPICON_NAME = AppIcon;
				ASSETCATALOG_COMPILER_GLOBAL_ACCENT_COLOR_NAME = AccentColor;
				CODE_SIGN_STYLE = Automatic;
				DEVELOPMENT_TEAM = 7DY3VL933K;
				INFOPLIST_FILE = MergeTestTwo/Info.plist;
				LD_RUNPATH_SEARCH_PATHS = (
					"$(inherited)",
					"@executable_path/Frameworks",
				);
				PRODUCT_BUNDLE_IDENTIFIER = com.thenappan.MergeTestTwo;
				PRODUCT_NAME = "$(TARGET_NAME)";
				SWIFT_VERSION = 5.0;
				TARGETED_DEVICE_FAMILY = "1,2";
			};
			name = Debug;
		};
		7EDA46C827552E5C00B8406C /* Release */ = {
			isa = XCBuildConfiguration;
			buildSettings = {
				ASSETCATALOG_COMPILER_APPICON_NAME = AppIcon;
				ASSETCATALOG_COMPILER_GLOBAL_ACCENT_COLOR_NAME = AccentColor;
				CODE_SIGN_STYLE = Automatic;
				DEVELOPMENT_TEAM = 7DY3VL933K;
				INFOPLIST_FILE = MergeTestTwo/Info.plist;
				LD_RUNPATH_SEARCH_PATHS = (
					"$(inherited)",
					"@executable_path/Frameworks",
				);
				PRODUCT_BUNDLE_IDENTIFIER = com.thenappan.MergeTestTwo;
				PRODUCT_NAME = "$(TARGET_NAME)";
				SWIFT_VERSION = 5.0;
				TARGETED_DEVICE_FAMILY = "1,2";
			};
			name = Release;
		};
		7EDA46CA27552E5C00B8406C /* Debug */ = {
			isa = XCBuildConfiguration;
			buildSettings = {
				ALWAYS_EMBED_SWIFT_STANDARD_LIBRARIES = YES;
				BUNDLE_LOADER = "$(TEST_HOST)";
				CODE_SIGN_STYLE = Automatic;
				DEVELOPMENT_TEAM = 7DY3VL933K;
				INFOPLIST_FILE = MergeTestTwoTests/Info.plist;
				IPHONEOS_DEPLOYMENT_TARGET = 14.3;
				LD_RUNPATH_SEARCH_PATHS = (
					"$(inherited)",
					"@executable_path/Frameworks",
					"@loader_path/Frameworks",
				);
				PRODUCT_BUNDLE_IDENTIFIER = com.thenappan.MergeTestTwoTests;
				PRODUCT_NAME = "$(TARGET_NAME)";
				SWIFT_VERSION = 5.0;
				TARGETED_DEVICE_FAMILY = "1,2";
				TEST_HOST = "$(BUILT_PRODUCTS_DIR)/MergeTestTwo.app/MergeTestTwo";
			};
			name = Debug;
		};
		7EDA46CB27552E5C00B8406C /* Release */ = {
			isa = XCBuildConfiguration;
			buildSettings = {
				ALWAYS_EMBED_SWIFT_STANDARD_LIBRARIES = YES;
				BUNDLE_LOADER = "$(TEST_HOST)";
				CODE_SIGN_STYLE = Automatic;
				DEVELOPMENT_TEAM = 7DY3VL933K;
				INFOPLIST_FILE = MergeTestTwoTests/Info.plist;
				IPHONEOS_DEPLOYMENT_TARGET = 14.3;
				LD_RUNPATH_SEARCH_PATHS = (
					"$(inherited)",
					"@executable_path/Frameworks",
					"@loader_path/Frameworks",
				);
				PRODUCT_BUNDLE_IDENTIFIER = com.thenappan.MergeTestTwoTests;
				PRODUCT_NAME = "$(TARGET_NAME)";
				SWIFT_VERSION = 5.0;
				TARGETED_DEVICE_FAMILY = "1,2";
				TEST_HOST = "$(BUILT_PRODUCTS_DIR)/MergeTestTwo.app/MergeTestTwo";
			};
			name = Release;
		};
		7EDA46CD27552E5C00B8406C /* Debug */ = {
			isa = XCBuildConfiguration;
			buildSettings = {
				ALWAYS_EMBED_SWIFT_STANDARD_LIBRARIES = YES;
				CODE_SIGN_STYLE = Automatic;
				DEVELOPMENT_TEAM = 7DY3VL933K;
				INFOPLIST_FILE = MergeTestTwoUITests/Info.plist;
				LD_RUNPATH_SEARCH_PATHS = (
					"$(inherited)",
					"@executable_path/Frameworks",
					"@loader_path/Frameworks",
				);
				PRODUCT_BUNDLE_IDENTIFIER = com.thenappan.MergeTestTwoUITests;
				PRODUCT_NAME = "$(TARGET_NAME)";
				SWIFT_VERSION = 5.0;
				TARGETED_DEVICE_FAMILY = "1,2";
				TEST_TARGET_NAME = MergeTestTwo;
			};
			name = Debug;
		};
		7EDA46CE27552E5C00B8406C /* Release */ = {
			isa = XCBuildConfiguration;
			buildSettings = {
				ALWAYS_EMBED_SWIFT_STANDARD_LIBRARIES = YES;
				CODE_SIGN_STYLE = Automatic;
				DEVELOPMENT_TEAM = 7DY3VL933K;
				INFOPLIST_FILE = MergeTestTwoUITests/Info.plist;
				LD_RUNPATH_SEARCH_PATHS = (
					"$(inherited)",
					"@executable_path/Frameworks",
					"@loader_path/Frameworks",
				);
				PRODUCT_BUNDLE_IDENTIFIER = com.thenappan.MergeTestTwoUITests;
				PRODUCT_NAME = "$(TARGET_NAME)";
				SWIFT_VERSION = 5.0;
				TARGETED_DEVICE_FAMILY = "1,2";
				TEST_TARGET_NAME = MergeTestTwo;
			};
			name = Release;
		};
/* End XCBuildConfiguration section */

/* Begin XCConfigurationList section */
		7EDA469727552E5900B8406C /* Build configuration list for PBXProject "MergeTestTwo" */ = {
			isa = XCConfigurationList;
			buildConfigurations = (
				7EDA46C427552E5C00B8406C /* Debug */,
				7EDA46C527552E5C00B8406C /* Release */,
			);
			defaultConfigurationIsVisible = 0;
			defaultConfigurationName = Release;
		};
		7EDA46C627552E5C00B8406C /* Build configuration list for PBXNativeTarget "MergeTestTwo" */ = {
			isa = XCConfigurationList;
			buildConfigurations = (
				7EDA46C727552E5C00B8406C /* Debug */,
				7EDA46C827552E5C00B8406C /* Release */,
			);
			defaultConfigurationIsVisible = 0;
			defaultConfigurationName = Release;
		};
		7EDA46C927552E5C00B8406C /* Build configuration list for PBXNativeTarget "MergeTestTwoTests" */ = {
			isa = XCConfigurationList;
			buildConfigurations = (
				7EDA46CA27552E5C00B8406C /* Debug */,
				7EDA46CB27552E5C00B8406C /* Release */,
			);
			defaultConfigurationIsVisible = 0;
			defaultConfigurationName = Release;
		};
		7EDA46CC27552E5C00B8406C /* Build configuration list for PBXNativeTarget "MergeTestTwoUITests" */ = {
			isa = XCConfigurationList;
			buildConfigurations = (
				7EDA46CD27552E5C00B8406C /* Debug */,
				7EDA46CE27552E5C00B8406C /* Release */,
			);
			defaultConfigurationIsVisible = 0;
			defaultConfigurationName = Release;
		};
/* End XCConfigurationList section */
	};
	rootObject = 7EDA469427552E5900B8406C /* Project object */;
}
